dependencies:
- name: eric-udm-apigw
  repository: https://arm.lmera.ericsson.se/artifactory/proj-5g-udm-dev-helm
  version: 1.0.765+7e1dbc6
- name: eric-udm-apigw4g
  repository: https://arm.lmera.ericsson.se/artifactory/proj-5g-udm-dev-helm
  version: 1.0.44+77fbdb1
- name: eric-udm-authevents
  repository: https://arm.lmera.ericsson.se/artifactory/proj-5g-udm-dev-helm
  version: 1.0.43+2d1176a
- name: eric-udm-dbproxy
  repository: https://arm.lmera.ericsson.se/artifactory/proj-5g-udm-dev-helm
  version: 1.0.402+1bdc087
- name: eric-udm-hss4gnotifier
  repository: https://arm.lmera.ericsson.se/artifactory/proj-5g-udm-dev-helm
  version: 1.0.96+30ee261
- name: eric-udm-iratamflocation
  repository: https://arm.lmera.ericsson.se/artifactory/proj-5g-udm-dev-helm
  version: 1.0.13+bd2229d
- name: eric-udm-notifier
  repository: https://arm.lmera.ericsson.se/artifactory/proj-5g-udm-dev-helm
  version: 1.0.147+1c78894
- name: eric-udm-nrfgw
  repository: https://arm.lmera.ericsson.se/artifactory/proj-5g-udm-dev-helm
  version: 1.0.35+c80cda9
- name: eric-udm-sdmamdata
  repository: https://arm.lmera.ericsson.se/artifactory/proj-5g-udm-dev-helm
  version: 1.0.174+0b623d7
- name: eric-udm-sdmnssai
  repository: https://arm.lmera.ericsson.se/artifactory/proj-5g-udm-dev-helm
  version: 1.0.140+e0f5b25
- name: eric-udm-sdmsmdata
  repository: https://arm.lmera.ericsson.se/artifactory/proj-5g-udm-dev-helm
  version: 1.0.129+d359d76
- name: eric-udm-sdmsmfselect
  repository: https://arm.lmera.ericsson.se/artifactory/proj-5g-udm-dev-helm
  version: 1.0.143+e8e41aa
- name: eric-udm-sdmsubscriptions
  repository: https://arm.lmera.ericsson.se/artifactory/proj-5g-udm-dev-helm
  version: 1.0.157+aa4546a
- name: eric-udm-mtsmsdeliverystatus
  repository: https://arm.lmera.ericsson.se/artifactory/proj-5g-udm-dev-helm
  version: 1.0.10+19d339f
- name: eric-udm-mtsmswaitingdata
  repository: https://arm.lmera.ericsson.se/artifactory/proj-5g-udm-dev-helm
  version: 1.0.3+237ece8
- name: eric-udm-ueauth
  repository: https://arm.lmera.ericsson.se/artifactory/proj-5g-udm-dev-helm
  version: 1.0.602+94cbd28
- name: eric-udm-uecmamfget
  repository: https://arm.lmera.ericsson.se/artifactory/proj-5g-udm-dev-helm
  version: 1.0.28+ed20066
- name: eric-udm-uecmamfregupdate
  repository: https://arm.lmera.ericsson.se/artifactory/proj-5g-udm-dev-helm
  version: 1.0.72+80e243f
- name: eric-udm-uecmreg
  repository: https://arm.lmera.ericsson.se/artifactory/proj-5g-udm-dev-helm
  version: 1.0.225+3692b0b
- name: eric-udm-uecmsmfderegistration
  repository: https://arm.lmera.ericsson.se/artifactory/proj-5g-udm-dev-helm
  version: 1.0.63+76e0b9a
- name: eric-udm-uecmsmfregget
  repository: https://arm.lmera.ericsson.se/artifactory/proj-5g-udm-dev-helm
  version: 1.0.4+84fbe4b
- name: eric-udm-uecmsmfregistration
  repository: https://arm.lmera.ericsson.se/artifactory/proj-5g-udm-dev-helm
  version: 1.0.393+de390d0
- name: eric-udm-uecmsmsfregistration
  repository: https://arm.lmera.ericsson.se/artifactory/proj-5g-udm-dev-helm
  version: 1.0.78+87cbf2e
- name: eric-udm-sdmuectxtsmf
  repository: https://arm.lmera.ericsson.se/artifactory/proj-5g-udm-dev-helm
  version: 1.0.21+92053fd
- name: eric-udm-ueshcm
  repository: https://arm.lmera.ericsson.se/artifactory/proj-5g-udm-dev-helm
  version: 1.0.31+ed208a2
- name: eric-udm-sdmnotif
  repository: https://arm.lmera.ericsson.se/artifactory/proj-5g-udm-dev-helm
  version: 1.0.16+d9982c9
- name: eric-udm-sdmsmsdata
  repository: https://arm.lmera.ericsson.se/artifactory/proj-5g-udm-dev-helm
  version: 1.0.23+1f19876
- name: eric-udm-sdmsmsmngdata
  repository: https://arm.lmera.ericsson.se/artifactory/proj-5g-udm-dev-helm
  version: 1.0.22+5d1cfa0
- name: eric-udm-amfregctxremoval
  repository: https://arm.lmera.ericsson.se/artifactory/proj-5g-udm-dev-helm
  version: 1.0.25+6da5e49
- name: eric-udm-smfuectxtupdate
  repository: https://arm.lmera.ericsson.se/artifactory/proj-5g-udm-dev-helm
  version: 1.0.28+f02e57f
- name: eric-udm-pcscfrestoration
  repository: https://arm.lmera.ericsson.se/artifactory/proj-5g-udm-dev-helm
  version: 1.0.5+8e977ca
- name: eric-udm-uecmsmsfregget
  repository: https://arm.lmera.ericsson.se/artifactory/proj-5g-udm-dev-helm
  version: 1.0.8+7c764f5
- name: eric-udm-sdmidtranslationget
  repository: https://arm.lmera.ericsson.se/artifactory/proj-5g-udm-dev-helm
  version: 1.0.4+69d2508
- name: eric-udm-alertsmssc
  repository: https://arm.lmera.ericsson.se/artifactory/proj-5g-udm-dev-helm
  version: 1.0.9+5605c26
- name: eric-udm-amfproxy
  repository: https://arm.lmera.ericsson.se/artifactory/proj-5g-udm-dev-helm
  version: 1.0.24+0e37b05
- name: eric-udm-amfeesubscriptions
  repository: https://arm.lmera.ericsson.se/artifactory/proj-5g-udm-dev-helm
  version: 1.0.10+f9b42cb
- name: eric-udm-amfeenotifications
  repository: https://arm.lmera.ericsson.se/artifactory/proj-5g-udm-dev-helm
  version: 1.0.7+cea3e8b
- name: eric-udm-eecreatesubscription
  repository: https://arm.lmera.ericsson.se/artifactory/proj-5g-udm-dev-helm
  version: 1.0.13+edfaf45
- name: eric-udm-eedeletesubscription
  repository: https://arm.lmera.ericsson.se/artifactory/proj-5g-udm-dev-helm
  version: 1.0.11+bce5f03
- name: eric-udm-eenotifchecker
  repository: https://arm.lmera.ericsson.se/artifactory/proj-5g-udm-dev-helm
  version: 1.0.15+7ce3aad
- name: eric-udm-avinfo
  repository: https://arm.lmera.ericsson.se/artifactory/proj-5g-udm-dev-helm
  version: 1.0.12+151a926
- name: eric-udm-avinfo
  repository: https://arm.lmera.ericsson.se/artifactory/proj-5g-udm-dev-helm
  version: 1.0.12+151a926
- name: eric-udm-avinfo
  repository: https://arm.lmera.ericsson.se/artifactory/proj-5g-udm-dev-helm
  version: 1.0.12+151a926
- name: udrsim
  repository: https://arm.lmera.ericsson.se/artifactory/proj-5g-udm-dev-helm
  version: 1.0.355+28d93a8
- name: amfsim
  repository: https://arm.lmera.ericsson.se/artifactory/proj-5g-udm-dev-helm
  version: 1.0.12+3e98b9b
digest: sha256:8500b5e88a8f7cd4a1bc7902718d0cd298bdb8659a0c1a1609a60bee9c0eb796
generated: 2018-11-05T14:24:27.429643594Z
